
Microsoft Visual Studio Solution File, Format Version 12.00
# Visual Studio 15
VisualStudioVersion = 15.0.28307.960
MinimumVisualStudioVersion = 10.0.40219.1
Project("{2150E333-8FDC-42A3-9474-1A3956D46DE8}") = "1 - Presentation Layer", "1 - Presentation Layer", "{58B1F69B-EA1E-49E7-8D69-676FE341BDE0}"
EndProject
Project("{2150E333-8FDC-42A3-9474-1A3956D46DE8}") = "2 - Repository Layer", "2 - Repository Layer", "{79C5FD88-07D5-4FA5-98AF-2FE06236B646}"
EndProject
Project("{9A19103F-16F7-4668-BE54-9A1E7A4F7556}") = "Projeto.Presentation", "Projeto.Presentation\Projeto.Presentation.csproj", "{D5C06173-2964-46EE-8380-6C6E3F84D291}"
EndProject
Project("{FAE04EC0-301F-11D3-BF4B-00C04F79EFBC}") = "Projeto.Data", "Projeto.Data\Projeto.Data.csproj", "{E4034260-5639-4267-9414-EC022B1B3236}"
EndProject
Global
	GlobalSection(SolutionConfigurationPlatforms) = preSolution
		Debug|Any CPU = Debug|Any CPU
		Release|Any CPU = Release|Any CPU
	EndGlobalSection
	GlobalSection(ProjectConfigurationPlatforms) = postSolution
		{D5C06173-2964-46EE-8380-6C6E3F84D291}.Debug|Any CPU.ActiveCfg = Debug|Any CPU
		{D5C06173-2964-46EE-8380-6C6E3F84D291}.Debug|Any CPU.Build.0 = Debug|Any CPU
		{D5C06173-2964-46EE-8380-6C6E3F84D291}.Release|Any CPU.ActiveCfg = Release|Any CPU
		{D5C06173-2964-46EE-8380-6C6E3F84D291}.Release|Any CPU.Build.0 = Release|Any CPU
		{E4034260-5639-4267-9414-EC022B1B3236}.Debug|Any CPU.ActiveCfg = Debug|Any CPU
		{E4034260-5639-4267-9414-EC022B1B3236}.Debug|Any CPU.Build.0 = Debug|Any CPU
		{E4034260-5639-4267-9414-EC022B1B3236}.Release|Any CPU.ActiveCfg = Release|Any CPU
		{E4034260-5639-4267-9414-EC022B1B3236}.Release|Any CPU.Build.0 = Release|Any CPU
	EndGlobalSection
	GlobalSection(SolutionProperties) = preSolution
		HideSolutionNode = FALSE
	EndGlobalSection
	GlobalSection(NestedProjects) = preSolution
		{D5C06173-2964-46EE-8380-6C6E3F84D291} = {58B1F69B-EA1E-49E7-8D69-676FE341BDE0}
		{E4034260-5639-4267-9414-EC022B1B3236} = {79C5FD88-07D5-4FA5-98AF-2FE06236B646}
	EndGlobalSection
	GlobalSection(ExtensibilityGlobals) = postSolution
		SolutionGuid = {B43E0446-D0F0-46D0-924A-AA22A97A473F}
	EndGlobalSection
EndGlobal
